PODS:
  - Flutter (1.0.0)
  - flutter_ble_peripheral (0.0.3):
    - Flutter

DEPENDENCIES:
  - Flutter (from `Flutter`)
  - flutter_ble_peripheral (from `.symlinks/plugins/flutter_ble_peripheral/ios`)

EXTERNAL SOURCES:
  Flutter:
    :path: Flutter
  flutter_ble_peripheral:
    :path: ".symlinks/plugins/flutter_ble_peripheral/ios"

SPEC CHECKSUMS:
  Flutter: e0871f40cf51350855a761d2e70bf5af5b9b5de7
  flutter_ble_peripheral: e12ab87914fc1690b22bb26649e4f6698625f425

PODFILE CHECKSUM: 819463e6a0290f5a72f145ba7cde16e8b6ef0796

COCOAPODS: 1.16.2
